
Microsoft Visual Studio Solution File, Format Version 12.00
# Visual Studio Version 17
VisualStudioVersion = 17.5.33502.453
MinimumVisualStudioVersion = 10.0.40219.1
Project("{FAE04EC0-301F-11D3-BF4B-00C04F79EFBC}") = "ConsoleAppFormasQuatro", "ConsoleAppFormasQuatro\ConsoleAppFormasQuatro.csproj", "{F75396B5-85C2-444D-B935-4CB633FC1B31}"
EndProject
Global
	GlobalSection(SolutionConfigurationPlatforms) = preSolution
		Debug|Any CPU = Debug|Any CPU
		Release|Any CPU = Release|Any CPU
	EndGlobalSection
	GlobalSection(ProjectConfigurationPlatforms) = postSolution
		{F75396B5-85C2-444D-B935-4CB633FC1B31}.Debug|Any CPU.ActiveCfg = Debug|Any CPU
		{F75396B5-85C2-444D-B935-4CB633FC1B31}.Debug|Any CPU.Build.0 = Debug|Any CPU
		{F75396B5-85C2-444D-B935-4CB633FC1B31}.Release|Any CPU.ActiveCfg = Release|Any CPU
		{F75396B5-85C2-444D-B935-4CB633FC1B31}.Release|Any CPU.Build.0 = Release|Any CPU
	EndGlobalSection
	GlobalSection(SolutionProperties) = preSolution
		HideSolutionNode = FALSE
	EndGlobalSection
	GlobalSection(ExtensibilityGlobals) = postSolution
		SolutionGuid = {B5C7E987-4326-4B34-8EBB-A26F68FB7E38}
	EndGlobalSection
EndGlobal
